
Microsoft Visual Studio Solution File, Format Version 12.00
# Visual Studio Version 16
VisualStudioVersion = 16.0.29709.97
MinimumVisualStudioVersion = 10.0.40219.1
Project("{8BC9CEB8-8B4A-11D0-8D11-00A0C91BC942}") = "HW13", "HW13\HW13.vcxproj", "{6B88F556-3253-4547-8384-CE211C05A78C}"
EndProject
Global
	GlobalSection(SolutionConfigurationPlatforms) = preSolution
		Debug|x64 = Debug|x64
		Debug|x86 = Debug|x86
		Release|x64 = Release|x64
		Release|x86 = Release|x86
	EndGlobalSection
	GlobalSection(ProjectConfigurationPlatforms) = postSolution
		{6B88F556-3253-4547-8384-CE211C05A78C}.Debug|x64.ActiveCfg = Debug|x64
		{6B88F556-3253-4547-8384-CE211C05A78C}.Debug|x64.Build.0 = Debug|x64
		{6B88F556-3253-4547-8384-CE211C05A78C}.Debug|x86.ActiveCfg = Debug|Win32
		{6B88F556-3253-4547-8384-CE211C05A78C}.Debug|x86.Build.0 = Debug|Win32
		{6B88F556-3253-4547-8384-CE211C05A78C}.Release|x64.ActiveCfg = Release|x64
		{6B88F556-3253-4547-8384-CE211C05A78C}.Release|x64.Build.0 = Release|x64
		{6B88F556-3253-4547-8384-CE211C05A78C}.Release|x86.ActiveCfg = Release|Win32
		{6B88F556-3253-4547-8384-CE211C05A78C}.Release|x86.Build.0 = Release|Win32
	EndGlobalSection
	GlobalSection(SolutionProperties) = preSolution
		HideSolutionNode = FALSE
	EndGlobalSection
	GlobalSection(ExtensibilityGlobals) = postSolution
		SolutionGuid = {35D8572D-A54F-4336-A57B-27CF5D4FD915}
	EndGlobalSection
EndGlobal
